PODS:
  - HXWeiboPhotoPicker (2.0.4):
    - SDWebImage (~> 4.0)
  - SDWebImage (4.1.0):
    - SDWebImage/Core (= 4.1.0)
  - SDWebImage/Core (4.1.0)

DEPENDENCIES:
  - HXWeiboPhotoPicker (~> 2.0.4)
  - SDWebImage (~> 4.1.0)

SPEC CHECKSUMS:
  HXWeiboPhotoPicker: 3614354d02be152df301a23a7f97ec28c2c59f59
  SDWebImage: 0e435c14e402a6730315a0fb79f95e68654d55a4

PODFILE CHECKSUM: 6b12670b04044f1e830a13e5cce117d8ad298278

COCOAPODS: 1.2.1
